
Microsoft Visual Studio Solution File, Format Version 12.00
# Visual Studio 15
VisualStudioVersion = 15.0.27703.2026
MinimumVisualStudioVersion = 10.0.40219.1
Project("{FAE04EC0-301F-11D3-BF4B-00C04F79EFBC}") = "Imperium", "Imperium\Imperium.csproj", "{33AB3B7B-81FE-461A-8828-F179555E1706}"
EndProject
Global
	GlobalSection(SolutionConfigurationPlatforms) = preSolution
		Debug|Any CPU = Debug|Any CPU
		Release|Any CPU = Release|Any CPU
	EndGlobalSection
	GlobalSection(ProjectConfigurationPlatforms) = postSolution
		{33AB3B7B-81FE-461A-8828-F179555E1706}.Debug|Any CPU.ActiveCfg = Debug|Any CPU
		{33AB3B7B-81FE-461A-8828-F179555E1706}.Debug|Any CPU.Build.0 = Debug|Any CPU
		{33AB3B7B-81FE-461A-8828-F179555E1706}.Release|Any CPU.ActiveCfg = Release|Any CPU
		{33AB3B7B-81FE-461A-8828-F179555E1706}.Release|Any CPU.Build.0 = Release|Any CPU
	EndGlobalSection
	GlobalSection(SolutionProperties) = preSolution
		HideSolutionNode = FALSE
	EndGlobalSection
	GlobalSection(ExtensibilityGlobals) = postSolution
		SolutionGuid = {F0AB98DA-6BD5-4CFD-A5A0-1228AED1B86B}
	EndGlobalSection
EndGlobal
